{
    "_readme": [
        "This file locks the dependencies of your project to a known state",
        "Read more about it at http://getcomposer.org/doc/01-basic-usage.md#composer-lock-the-lock-file",
        "This file is @generated automatically"
    ],
    "hash": "82fee74ba86f1828580bbd921e27ff3a",
    "packages": [
        {
            "name": "daverandom/addr",
            "version": "v0.2.2",
            "source": {
                "type": "git",
                "url": "https://github.com/DaveRandom/Addr.git",
                "reference": "0cf046c2c59220622183767b41be456d4b3690d2"
            },
            "dist": {
                "type": "zip",
                "url": "https://api.github.com/repos/DaveRandom/Addr/zipball/0cf046c2c59220622183767b41be456d4b3690d2",
                "reference": "0cf046c2c59220622183767b41be456d4b3690d2",
                "shasum": ""
            },
            "require": {
                "daverandom/libdns": "~0.2.1",
                "php": ">=5.4.0",
                "rdlowrey/alert": "~0.8.1"
            },
            "type": "library",
            "autoload": {
                "psr-4": {
                    "Addr\\": "lib/Addr/"
                }
            },
            "license": [
                "MIT"
            ],
            "authors": [
                {
                    "name": "Chris Wright",
                    "email": "addr@daverandom.com",
                    "role": "Creator / Lead Developer"
                }
            ],
            "description": "Asynchronous DNS resolver using Alert",
            "homepage": "https://github.com/DaveRandom/Addr",
            "keywords": [
                "async",
                "client",
                "dns",
                "resolve"
            ],
            "support": {
                "source": "https://github.com/DaveRandom/Addr/tree/v0.2.2",
                "issues": "https://github.com/DaveRandom/Addr/issues"
            },
            "time": "2014-07-17 20:32:59"
        },
        {
            "name": "daverandom/libdns",
            "version": "v0.2.1",
            "source": {
                "type": "git",
                "url": "https://github.com/DaveRandom/LibDNS.git",
                "reference": "f94f92f3fa8b2776ff2593c87d93d87480efeb73"
            },
            "dist": {
                "type": "zip",
                "url": "https://api.github.com/repos/DaveRandom/LibDNS/zipball/f94f92f3fa8b2776ff2593c87d93d87480efeb73",
                "reference": "f94f92f3fa8b2776ff2593c87d93d87480efeb73",
                "shasum": ""
            },
            "require": {
                "php": ">=5.4.0"
            },
            "type": "library",
            "autoload": {
                "psr-0": {
                    "LibDNS": "src"
                }
            },
            "notification-url": "https://packagist.org/downloads/",
            "license": [
                "MIT"
            ],
            "description": "DNS protocol implementation written in pure PHP",
            "keywords": [
                "dns"
            ],
            "time": "2013-11-28 15:57:15"
        },
        {
            "name": "rdlowrey/after",
            "version": "v0.1.0",
            "source": {
                "type": "git",
                "url": "https://github.com/rdlowrey/After.git",
                "reference": "bbab15eca74df6cf67e9785b1b04aca92e7647e9"
            },
            "dist": {
                "type": "zip",
                "url": "https://api.github.com/repos/rdlowrey/After/zipball/bbab15eca74df6cf67e9785b1b04aca92e7647e9",
                "reference": "bbab15eca74df6cf67e9785b1b04aca92e7647e9",
                "shasum": ""
            },
            "require": {
                "php": ">=5.4.0"
            },
            "type": "library",
            "autoload": {
                "files": [
                    "src/bootstrap.php"
                ]
            },
            "license": [
                "MIT"
            ],
            "authors": [
                {
                    "name": "Daniel Lowrey",
                    "email": "rdlowrey@php.net",
                    "role": "Creator / Lead Developer"
                }
            ],
            "description": "Simple PHP concurrency primitives",
            "homepage": "https://github.com/rdlowrey/after",
            "keywords": [
                "async",
                "future",
                "promise"
            ],
            "support": {
                "source": "https://github.com/rdlowrey/After/tree/v0.1.0",
                "issues": "https://github.com/rdlowrey/After/issues"
            },
            "time": "2014-07-22 02:24:07"
        },
        {
            "name": "rdlowrey/alert",
            "version": "v0.8.1",
            "source": {
                "type": "git",
                "url": "https://github.com/rdlowrey/Alert.git",
                "reference": "a09cc62f81d8950e05e6c715668be3cb2a07d716"
            },
            "dist": {
                "type": "zip",
                "url": "https://api.github.com/repos/rdlowrey/Alert/zipball/a09cc62f81d8950e05e6c715668be3cb2a07d716",
                "reference": "a09cc62f81d8950e05e6c715668be3cb2a07d716",
                "shasum": ""
            },
            "require": {
                "php": ">=5.4.0"
            },
            "type": "library",
            "autoload": {
                "files": [
                    "src/bootstrap.php"
                ]
            },
            "license": [
                "MIT"
            ],
            "authors": [
                {
                    "name": "Daniel Lowrey",
                    "email": "rdlowrey@php.net",
                    "role": "Creator / Lead Developer"
                }
            ],
            "description": "Event loops for event-driven/async PHP",
            "homepage": "https://github.com/rdlowrey/alert",
            "keywords": [
                "async",
                "events",
                "libevent",
                "non-blocking"
            ],
            "support": {
                "source": "https://github.com/rdlowrey/Alert/tree/v0.8.1",
                "issues": "https://github.com/rdlowrey/Alert/issues"
            },
            "time": "2014-06-11 14:09:10"
        }
    ],
    "packages-dev": [

    ],
    "aliases": [

    ],
    "minimum-stability": "stable",
    "stability-flags": {
        "rdlowrey/alert": 20
    },
    "platform": {
        "php": ">=5.4.0"
    },
    "platform-dev": [

    ]
}
